
Microsoft Visual Studio Solution File, Format Version 12.00
# Visual Studio 14
VisualStudioVersion = 14.0.24720.0
MinimumVisualStudioVersion = 10.0.40219.1
Project("{FAE04EC0-301F-11D3-BF4B-00C04F79EFBC}") = "Resume.Droid", "Resume\Resume.Droid\Resume.Droid.csproj", "{9CB21C43-B9EB-4D8F-BA48-76853DD5AD78}"
EndProject
Project("{FAE04EC0-301F-11D3-BF4B-00C04F79EFBC}") = "Resume.iOS", "Resume\Resume.iOS\Resume.iOS.csproj", "{846E2026-480F-4EB1-839D-7CC907778383}"
EndProject
Project("{FAE04EC0-301F-11D3-BF4B-00C04F79EFBC}") = "Resume.WinPhone", "Resume\Resume.WinPhone\Resume.WinPhone.csproj", "{0C45C76B-5517-49B4-B284-E8A76D9DA235}"
EndProject
Project("{FAE04EC0-301F-11D3-BF4B-00C04F79EFBC}") = "Resume.UWP", "Resume\Resume.UWP\Resume.UWP.csproj", "{D7AF8B19-CBFD-42D8-BE8E-B487C1D02957}"
EndProject
Project("{FAE04EC0-301F-11D3-BF4B-00C04F79EFBC}") = "Resume.Windows", "Resume\Resume.Windows\Resume.Windows.csproj", "{54E6A5E6-EE83-4166-8DF4-2FC1DCFDDB25}"
EndProject
Project("{FAE04EC0-301F-11D3-BF4B-00C04F79EFBC}") = "Resume", "Resume\Resume\Resume.csproj", "{085EEB6A-801E-4BCE-8F2C-5711FB186E3D}"
EndProject
Global
	GlobalSection(SolutionConfigurationPlatforms) = preSolution
		Ad-Hoc|Any CPU = Ad-Hoc|Any CPU
		Ad-Hoc|ARM = Ad-Hoc|ARM
		Ad-Hoc|iPhone = Ad-Hoc|iPhone
		Ad-Hoc|iPhoneSimulator = Ad-Hoc|iPhoneSimulator
		Ad-Hoc|x64 = Ad-Hoc|x64
		Ad-Hoc|x86 = Ad-Hoc|x86
		AppStore|Any CPU = AppStore|Any CPU
		AppStore|ARM = AppStore|ARM
		AppStore|iPhone = AppStore|iPhone
		AppStore|iPhoneSimulator = AppStore|iPhoneSimulator
		AppStore|x64 = AppStore|x64
		AppStore|x86 = AppStore|x86
		Debug|Any CPU = Debug|Any CPU
		Debug|ARM = Debug|ARM
		Debug|iPhone = Debug|iPhone
		Debug|iPhoneSimulator = Debug|iPhoneSimulator
		Debug|x64 = Debug|x64
		Debug|x86 = Debug|x86
		Release|Any CPU = Release|Any CPU
		Release|ARM = Release|ARM
		Release|iPhone = Release|iPhone
		Release|iPhoneSimulator = Release|iPhoneSimulator
		Release|x64 = Release|x64
		Release|x86 = Release|x86
	EndGlobalSection
	GlobalSection(ProjectConfigurationPlatforms) = postSolution
		{9CB21C43-B9EB-4D8F-BA48-76853DD5AD78}.Ad-Hoc|Any CPU.ActiveCfg = Release|Any CPU
		{9CB21C43-B9EB-4D8F-BA48-76853DD5AD78}.Ad-Hoc|Any CPU.Build.0 = Release|Any CPU
		{9CB21C43-B9EB-4D8F-BA48-76853DD5AD78}.Ad-Hoc|Any CPU.Deploy.0 = Release|Any CPU
		{9CB21C43-B9EB-4D8F-BA48-76853DD5AD78}.Ad-Hoc|ARM.ActiveCfg = Release|Any CPU
		{9CB21C43-B9EB-4D8F-BA48-76853DD5AD78}.Ad-Hoc|ARM.Build.0 = Release|Any CPU
		{9CB21C43-B9EB-4D8F-BA48-76853DD5AD78}.Ad-Hoc|ARM.Deploy.0 = Release|Any CPU
		{9CB21C43-B9EB-4D8F-BA48-76853DD5AD78}.Ad-Hoc|iPhone.ActiveCfg = Release|Any CPU
		{9CB21C43-B9EB-4D8F-BA48-76853DD5AD78}.Ad-Hoc|iPhone.Build.0 = Release|Any CPU
		{9CB21C43-B9EB-4D8F-BA48-76853DD5AD78}.Ad-Hoc|iPhone.Deploy.0 = Release|Any CPU
		{9CB21C43-B9EB-4D8F-BA48-76853DD5AD78}.Ad-Hoc|iPhoneSimulator.ActiveCfg = Release|Any CPU
		{9CB21C43-B9EB-4D8F-BA48-76853DD5AD78}.Ad-Hoc|iPhoneSimulator.Build.0 = Release|Any CPU
		{9CB21C43-B9EB-4D8F-BA48-76853DD5AD78}.Ad-Hoc|iPhoneSimulator.Deploy.0 = Release|Any CPU
		{9CB21C43-B9EB-4D8F-BA48-76853DD5AD78}.Ad-Hoc|x64.ActiveCfg = Release|Any CPU
		{9CB21C43-B9EB-4D8F-BA48-76853DD5AD78}.Ad-Hoc|x64.Build.0 = Release|Any CPU
		{9CB21C43-B9EB-4D8F-BA48-76853DD5AD78}.Ad-Hoc|x64.Deploy.0 = Release|Any CPU
		{9CB21C43-B9EB-4D8F-BA48-76853DD5AD78}.Ad-Hoc|x86.ActiveCfg = Release|Any CPU
		{9CB21C43-B9EB-4D8F-BA48-76853DD5AD78}.Ad-Hoc|x86.Build.0 = Release|Any CPU
		{9CB21C43-B9EB-4D8F-BA48-76853DD5AD78}.Ad-Hoc|x86.Deploy.0 = Release|Any CPU
		{9CB21C43-B9EB-4D8F-BA48-76853DD5AD78}.AppStore|Any CPU.ActiveCfg = Release|Any CPU
		{9CB21C43-B9EB-4D8F-BA48-76853DD5AD78}.AppStore|Any CPU.Build.0 = Release|Any CPU
		{9CB21C43-B9EB-4D8F-BA48-76853DD5AD78}.AppStore|Any CPU.Deploy.0 = Release|Any CPU
		{9CB21C43-B9EB-4D8F-BA48-76853DD5AD78}.AppStore|ARM.ActiveCfg = Release|Any CPU
		{9CB21C43-B9EB-4D8F-BA48-76853DD5AD78}.AppStore|ARM.Build.0 = Release|Any CPU
		{9CB21C43-B9EB-4D8F-BA48-76853DD5AD78}.AppStore|ARM.Deploy.0 = Release|Any CPU
		{9CB21C43-B9EB-4D8F-BA48-76853DD5AD78}.AppStore|iPhone.ActiveCfg = Release|Any CPU
		{9CB21C43-B9EB-4D8F-BA48-76853DD5AD78}.AppStore|iPhone.Build.0 = Release|Any CPU
		{9CB21C43-B9EB-4D8F-BA48-76853DD5AD78}.AppStore|iPhone.Deploy.0 = Release|Any CPU
		{9CB21C43-B9EB-4D8F-BA48-76853DD5AD78}.AppStore|iPhoneSimulator.ActiveCfg = Release|Any CPU
		{9CB21C43-B9EB-4D8F-BA48-76853DD5AD78}.AppStore|iPhoneSimulator.Build.0 = Release|Any CPU
		{9CB21C43-B9EB-4D8F-BA48-76853DD5AD78}.AppStore|iPhoneSimulator.Deploy.0 = Release|Any CPU
		{9CB21C43-B9EB-4D8F-BA48-76853DD5AD78}.AppStore|x64.ActiveCfg = Release|Any CPU
		{9CB21C43-B9EB-4D8F-BA48-76853DD5AD78}.AppStore|x64.Build.0 = Release|Any CPU
		{9CB21C43-B9EB-4D8F-BA48-76853DD5AD78}.AppStore|x64.Deploy.0 = Release|Any CPU
		{9CB21C43-B9EB-4D8F-BA48-76853DD5AD78}.AppStore|x86.ActiveCfg = Release|Any CPU
		{9CB21C43-B9EB-4D8F-BA48-76853DD5AD78}.AppStore|x86.Build.0 = Release|Any CPU
		{9CB21C43-B9EB-4D8F-BA48-76853DD5AD78}.AppStore|x86.Deploy.0 = Release|Any CPU
		{9CB21C43-B9EB-4D8F-BA48-76853DD5AD78}.Debug|Any CPU.ActiveCfg = Debug|Any CPU
		{9CB21C43-B9EB-4D8F-BA48-76853DD5AD78}.Debug|Any CPU.Build.0 = Debug|Any CPU
		{9CB21C43-B9EB-4D8F-BA48-76853DD5AD78}.Debug|Any CPU.Deploy.0 = Debug|Any CPU
		{9CB21C43-B9EB-4D8F-BA48-76853DD5AD78}.Debug|ARM.ActiveCfg = Debug|Any CPU
		{9CB21C43-B9EB-4D8F-BA48-76853DD5AD78}.Debug|ARM.Build.0 = Debug|Any CPU
		{9CB21C43-B9EB-4D8F-BA48-76853DD5AD78}.Debug|ARM.Deploy.0 = Debug|Any CPU
		{9CB21C43-B9EB-4D8F-BA48-76853DD5AD78}.Debug|iPhone.ActiveCfg = Debug|Any CPU
		{9CB21C43-B9EB-4D8F-BA48-76853DD5AD78}.Debug|iPhone.Build.0 = Debug|Any CPU
		{9CB21C43-B9EB-4D8F-BA48-76853DD5AD78}.Debug|iPhone.Deploy.0 = Debug|Any CPU
		{9CB21C43-B9EB-4D8F-BA48-76853DD5AD78}.Debug|iPhoneSimulator.ActiveCfg = Debug|Any CPU
		{9CB21C43-B9EB-4D8F-BA48-76853DD5AD78}.Debug|iPhoneSimulator.Build.0 = Debug|Any CPU
		{9CB21C43-B9EB-4D8F-BA48-76853DD5AD78}.Debug|iPhoneSimulator.Deploy.0 = Debug|Any CPU
		{9CB21C43-B9EB-4D8F-BA48-76853DD5AD78}.Debug|x64.ActiveCfg = Debug|Any CPU
		{9CB21C43-B9EB-4D8F-BA48-76853DD5AD78}.Debug|x64.Build.0 = Debug|Any CPU
		{9CB21C43-B9EB-4D8F-BA48-76853DD5AD78}.Debug|x64.Deploy.0 = Debug|Any CPU
		{9CB21C43-B9EB-4D8F-BA48-76853DD5AD78}.Debug|x86.ActiveCfg = Debug|Any CPU
		{9CB21C43-B9EB-4D8F-BA48-76853DD5AD78}.Debug|x86.Build.0 = Debug|Any CPU
		{9CB21C43-B9EB-4D8F-BA48-76853DD5AD78}.Debug|x86.Deploy.0 = Debug|Any CPU
		{9CB21C43-B9EB-4D8F-BA48-76853DD5AD78}.Release|Any CPU.ActiveCfg = Release|Any CPU
		{9CB21C43-B9EB-4D8F-BA48-76853DD5AD78}.Release|Any CPU.Build.0 = Release|Any CPU
		{9CB21C43-B9EB-4D8F-BA48-76853DD5AD78}.Release|Any CPU.Deploy.0 = Release|Any CPU
		{9CB21C43-B9EB-4D8F-BA48-76853DD5AD78}.Release|ARM.ActiveCfg = Release|Any CPU
		{9CB21C43-B9EB-4D8F-BA48-76853DD5AD78}.Release|ARM.Build.0 = Release|Any CPU
		{9CB21C43-B9EB-4D8F-BA48-76853DD5AD78}.Release|ARM.Deploy.0 = Release|Any CPU
		{9CB21C43-B9EB-4D8F-BA48-76853DD5AD78}.Release|iPhone.ActiveCfg = Release|Any CPU
		{9CB21C43-B9EB-4D8F-BA48-76853DD5AD78}.Release|iPhone.Build.0 = Release|Any CPU
		{9CB21C43-B9EB-4D8F-BA48-76853DD5AD78}.Release|iPhone.Deploy.0 = Release|Any CPU
		{9CB21C43-B9EB-4D8F-BA48-76853DD5AD78}.Release|iPhoneSimulator.ActiveCfg = Release|Any CPU
		{9CB21C43-B9EB-4D8F-BA48-76853DD5AD78}.Release|iPhoneSimulator.Build.0 = Release|Any CPU
		{9CB21C43-B9EB-4D8F-BA48-76853DD5AD78}.Release|iPhoneSimulator.Deploy.0 = Release|Any CPU
		{9CB21C43-B9EB-4D8F-BA48-76853DD5AD78}.Release|x64.ActiveCfg = Release|Any CPU
		{9CB21C43-B9EB-4D8F-BA48-76853DD5AD78}.Release|x64.Build.0 = Release|Any CPU
		{9CB21C43-B9EB-4D8F-BA48-76853DD5AD78}.Release|x64.Deploy.0 = Release|Any CPU
		{9CB21C43-B9EB-4D8F-BA48-76853DD5AD78}.Release|x86.ActiveCfg = Release|Any CPU
		{9CB21C43-B9EB-4D8F-BA48-76853DD5AD78}.Release|x86.Build.0 = Release|Any CPU
		{9CB21C43-B9EB-4D8F-BA48-76853DD5AD78}.Release|x86.Deploy.0 = Release|Any CPU
		{846E2026-480F-4EB1-839D-7CC907778383}.Ad-Hoc|Any CPU.ActiveCfg = Ad-Hoc|iPhone
		{846E2026-480F-4EB1-839D-7CC907778383}.Ad-Hoc|ARM.ActiveCfg = Ad-Hoc|iPhone
		{846E2026-480F-4EB1-839D-7CC907778383}.Ad-Hoc|iPhone.ActiveCfg = Ad-Hoc|iPhone
		{846E2026-480F-4EB1-839D-7CC907778383}.Ad-Hoc|iPhone.Build.0 = Ad-Hoc|iPhone
		{846E2026-480F-4EB1-839D-7CC907778383}.Ad-Hoc|iPhoneSimulator.ActiveCfg = Ad-Hoc|iPhoneSimulator
		{846E2026-480F-4EB1-839D-7CC907778383}.Ad-Hoc|iPhoneSimulator.Build.0 = Ad-Hoc|iPhoneSimulator
		{846E2026-480F-4EB1-839D-7CC907778383}.Ad-Hoc|x64.ActiveCfg = Ad-Hoc|iPhone
		{846E2026-480F-4EB1-839D-7CC907778383}.Ad-Hoc|x86.ActiveCfg = Ad-Hoc|iPhone
		{846E2026-480F-4EB1-839D-7CC907778383}.AppStore|Any CPU.ActiveCfg = AppStore|iPhone
		{846E2026-480F-4EB1-839D-7CC907778383}.AppStore|ARM.ActiveCfg = AppStore|iPhone
		{846E2026-480F-4EB1-839D-7CC907778383}.AppStore|iPhone.ActiveCfg = AppStore|iPhone
		{846E2026-480F-4EB1-839D-7CC907778383}.AppStore|iPhone.Build.0 = AppStore|iPhone
		{846E2026-480F-4EB1-839D-7CC907778383}.AppStore|iPhoneSimulator.ActiveCfg = AppStore|iPhoneSimulator
		{846E2026-480F-4EB1-839D-7CC907778383}.AppStore|iPhoneSimulator.Build.0 = AppStore|iPhoneSimulator
		{846E2026-480F-4EB1-839D-7CC907778383}.AppStore|x64.ActiveCfg = AppStore|iPhone
		{846E2026-480F-4EB1-839D-7CC907778383}.AppStore|x86.ActiveCfg = AppStore|iPhone
		{846E2026-480F-4EB1-839D-7CC907778383}.Debug|Any CPU.ActiveCfg = Debug|iPhone
		{846E2026-480F-4EB1-839D-7CC907778383}.Debug|ARM.ActiveCfg = Debug|iPhone
		{846E2026-480F-4EB1-839D-7CC907778383}.Debug|iPhone.ActiveCfg = Debug|iPhone
		{846E2026-480F-4EB1-839D-7CC907778383}.Debug|iPhone.Build.0 = Debug|iPhone
		{846E2026-480F-4EB1-839D-7CC907778383}.Debug|iPhoneSimulator.ActiveCfg = Debug|iPhoneSimulator
		{846E2026-480F-4EB1-839D-7CC907778383}.Debug|iPhoneSimulator.Build.0 = Debug|iPhoneSimulator
		{846E2026-480F-4EB1-839D-7CC907778383}.Debug|x64.ActiveCfg = Debug|iPhone
		{846E2026-480F-4EB1-839D-7CC907778383}.Debug|x86.ActiveCfg = Debug|iPhone
		{846E2026-480F-4EB1-839D-7CC907778383}.Release|Any CPU.ActiveCfg = Release|iPhone
		{846E2026-480F-4EB1-839D-7CC907778383}.Release|ARM.ActiveCfg = Release|iPhone
		{846E2026-480F-4EB1-839D-7CC907778383}.Release|iPhone.ActiveCfg = Release|iPhone
		{846E2026-480F-4EB1-839D-7CC907778383}.Release|iPhone.Build.0 = Release|iPhone
		{846E2026-480F-4EB1-839D-7CC907778383}.Release|iPhoneSimulator.ActiveCfg = Release|iPhoneSimulator
		{846E2026-480F-4EB1-839D-7CC907778383}.Release|iPhoneSimulator.Build.0 = Release|iPhoneSimulator
		{846E2026-480F-4EB1-839D-7CC907778383}.Release|x64.ActiveCfg = Release|iPhone
		{846E2026-480F-4EB1-839D-7CC907778383}.Release|x86.ActiveCfg = Release|iPhone
		{0C45C76B-5517-49B4-B284-E8A76D9DA235}.Ad-Hoc|Any CPU.ActiveCfg = Release|Any CPU
		{0C45C76B-5517-49B4-B284-E8A76D9DA235}.Ad-Hoc|Any CPU.Build.0 = Release|Any CPU
		{0C45C76B-5517-49B4-B284-E8A76D9DA235}.Ad-Hoc|Any CPU.Deploy.0 = Release|Any CPU
		{0C45C76B-5517-49B4-B284-E8A76D9DA235}.Ad-Hoc|ARM.ActiveCfg = Release|ARM
		{0C45C76B-5517-49B4-B284-E8A76D9DA235}.Ad-Hoc|ARM.Build.0 = Release|ARM
		{0C45C76B-5517-49B4-B284-E8A76D9DA235}.Ad-Hoc|ARM.Deploy.0 = Release|ARM
		{0C45C76B-5517-49B4-B284-E8A76D9DA235}.Ad-Hoc|iPhone.ActiveCfg = Release|Any CPU
		{0C45C76B-5517-49B4-B284-E8A76D9DA235}.Ad-Hoc|iPhone.Build.0 = Release|Any CPU
		{0C45C76B-5517-49B4-B284-E8A76D9DA235}.Ad-Hoc|iPhone.Deploy.0 = Release|Any CPU
		{0C45C76B-5517-49B4-B284-E8A76D9DA235}.Ad-Hoc|iPhoneSimulator.ActiveCfg = Release|Any CPU
		{0C45C76B-5517-49B4-B284-E8A76D9DA235}.Ad-Hoc|iPhoneSimulator.Build.0 = Release|Any CPU
		{0C45C76B-5517-49B4-B284-E8A76D9DA235}.Ad-Hoc|iPhoneSimulator.Deploy.0 = Release|Any CPU
		{0C45C76B-5517-49B4-B284-E8A76D9DA235}.Ad-Hoc|x64.ActiveCfg = Release|Any CPU
		{0C45C76B-5517-49B4-B284-E8A76D9DA235}.Ad-Hoc|x64.Build.0 = Release|Any CPU
		{0C45C76B-5517-49B4-B284-E8A76D9DA235}.Ad-Hoc|x64.Deploy.0 = Release|Any CPU
		{0C45C76B-5517-49B4-B284-E8A76D9DA235}.Ad-Hoc|x86.ActiveCfg = Release|x86
		{0C45C76B-5517-49B4-B284-E8A76D9DA235}.Ad-Hoc|x86.Build.0 = Release|x86
		{0C45C76B-5517-49B4-B284-E8A76D9DA235}.Ad-Hoc|x86.Deploy.0 = Release|x86
		{0C45C76B-5517-49B4-B284-E8A76D9DA235}.AppStore|Any CPU.ActiveCfg = Release|Any CPU
		{0C45C76B-5517-49B4-B284-E8A76D9DA235}.AppStore|Any CPU.Build.0 = Release|Any CPU
		{0C45C76B-5517-49B4-B284-E8A76D9DA235}.AppStore|Any CPU.Deploy.0 = Release|Any CPU
		{0C45C76B-5517-49B4-B284-E8A76D9DA235}.AppStore|ARM.ActiveCfg = Release|ARM
		{0C45C76B-5517-49B4-B284-E8A76D9DA235}.AppStore|ARM.Build.0 = Release|ARM
		{0C45C76B-5517-49B4-B284-E8A76D9DA235}.AppStore|ARM.Deploy.0 = Release|ARM
		{0C45C76B-5517-49B4-B284-E8A76D9DA235}.AppStore|iPhone.ActiveCfg = Release|Any CPU
		{0C45C76B-5517-49B4-B284-E8A76D9DA235}.AppStore|iPhone.Build.0 = Release|Any CPU
		{0C45C76B-5517-49B4-B284-E8A76D9DA235}.AppStore|iPhone.Deploy.0 = Release|Any CPU
		{0C45C76B-5517-49B4-B284-E8A76D9DA235}.AppStore|iPhoneSimulator.ActiveCfg = Release|Any CPU
		{0C45C76B-5517-49B4-B284-E8A76D9DA235}.AppStore|iPhoneSimulator.Build.0 = Release|Any CPU
		{0C45C76B-5517-49B4-B284-E8A76D9DA235}.AppStore|iPhoneSimulator.Deploy.0 = Release|Any CPU
		{0C45C76B-5517-49B4-B284-E8A76D9DA235}.AppStore|x64.ActiveCfg = Release|Any CPU
		{0C45C76B-5517-49B4-B284-E8A76D9DA235}.AppStore|x64.Build.0 = Release|Any CPU
		{0C45C76B-5517-49B4-B284-E8A76D9DA235}.AppStore|x64.Deploy.0 = Release|Any CPU
		{0C45C76B-5517-49B4-B284-E8A76D9DA235}.AppStore|x86.ActiveCfg = Release|x86
		{0C45C76B-5517-49B4-B284-E8A76D9DA235}.AppStore|x86.Build.0 = Release|x86
		{0C45C76B-5517-49B4-B284-E8A76D9DA235}.AppStore|x86.Deploy.0 = Release|x86
		{0C45C76B-5517-49B4-B284-E8A76D9DA235}.Debug|Any CPU.ActiveCfg = Debug|Any CPU
		{0C45C76B-5517-49B4-B284-E8A76D9DA235}.Debug|Any CPU.Build.0 = Debug|Any CPU
		{0C45C76B-5517-49B4-B284-E8A76D9DA235}.Debug|Any CPU.Deploy.0 = Debug|Any CPU
		{0C45C76B-5517-49B4-B284-E8A76D9DA235}.Debug|ARM.ActiveCfg = Debug|ARM
		{0C45C76B-5517-49B4-B284-E8A76D9DA235}.Debug|ARM.Build.0 = Debug|ARM
		{0C45C76B-5517-49B4-B284-E8A76D9DA235}.Debug|ARM.Deploy.0 = Debug|ARM
		{0C45C76B-5517-49B4-B284-E8A76D9DA235}.Debug|iPhone.ActiveCfg = Debug|Any CPU
		{0C45C76B-5517-49B4-B284-E8A76D9DA235}.Debug|iPhone.Build.0 = Debug|Any CPU
		{0C45C76B-5517-49B4-B284-E8A76D9DA235}.Debug|iPhone.Deploy.0 = Debug|Any CPU
		{0C45C76B-5517-49B4-B284-E8A76D9DA235}.Debug|iPhoneSimulator.ActiveCfg = Debug|Any CPU
		{0C45C76B-5517-49B4-B284-E8A76D9DA235}.Debug|iPhoneSimulator.Build.0 = Debug|Any CPU
		{0C45C76B-5517-49B4-B284-E8A76D9DA235}.Debug|iPhoneSimulator.Deploy.0 = Debug|Any CPU
		{0C45C76B-5517-49B4-B284-E8A76D9DA235}.Debug|x64.ActiveCfg = Debug|Any CPU
		{0C45C76B-5517-49B4-B284-E8A76D9DA235}.Debug|x64.Build.0 = Debug|Any CPU
		{0C45C76B-5517-49B4-B284-E8A76D9DA235}.Debug|x64.Deploy.0 = Debug|Any CPU
		{0C45C76B-5517-49B4-B284-E8A76D9DA235}.Debug|x86.ActiveCfg = Debug|x86
		{0C45C76B-5517-49B4-B284-E8A76D9DA235}.Debug|x86.Build.0 = Debug|x86
		{0C45C76B-5517-49B4-B284-E8A76D9DA235}.Debug|x86.Deploy.0 = Debug|x86
		{0C45C76B-5517-49B4-B284-E8A76D9DA235}.Release|Any CPU.ActiveCfg = Release|Any CPU
		{0C45C76B-5517-49B4-B284-E8A76D9DA235}.Release|Any CPU.Build.0 = Release|Any CPU
		{0C45C76B-5517-49B4-B284-E8A76D9DA235}.Release|Any CPU.Deploy.0 = Release|Any CPU
		{0C45C76B-5517-49B4-B284-E8A76D9DA235}.Release|ARM.ActiveCfg = Release|ARM
		{0C45C76B-5517-49B4-B284-E8A76D9DA235}.Release|ARM.Build.0 = Release|ARM
		{0C45C76B-5517-49B4-B284-E8A76D9DA235}.Release|ARM.Deploy.0 = Release|ARM
		{0C45C76B-5517-49B4-B284-E8A76D9DA235}.Release|iPhone.ActiveCfg = Release|Any CPU
		{0C45C76B-5517-49B4-B284-E8A76D9DA235}.Release|iPhone.Build.0 = Release|Any CPU
		{0C45C76B-5517-49B4-B284-E8A76D9DA235}.Release|iPhone.Deploy.0 = Release|Any CPU
		{0C45C76B-5517-49B4-B284-E8A76D9DA235}.Release|iPhoneSimulator.ActiveCfg = Release|Any CPU
		{0C45C76B-5517-49B4-B284-E8A76D9DA235}.Release|iPhoneSimulator.Build.0 = Release|Any CPU
		{0C45C76B-5517-49B4-B284-E8A76D9DA235}.Release|iPhoneSimulator.Deploy.0 = Release|Any CPU
		{0C45C76B-5517-49B4-B284-E8A76D9DA235}.Release|x64.ActiveCfg = Release|Any CPU
		{0C45C76B-5517-49B4-B284-E8A76D9DA235}.Release|x64.Build.0 = Release|Any CPU
		{0C45C76B-5517-49B4-B284-E8A76D9DA235}.Release|x64.Deploy.0 = Release|Any CPU
		{0C45C76B-5517-49B4-B284-E8A76D9DA235}.Release|x86.ActiveCfg = Release|x86
		{0C45C76B-5517-49B4-B284-E8A76D9DA235}.Release|x86.Build.0 = Release|x86
		{0C45C76B-5517-49B4-B284-E8A76D9DA235}.Release|x86.Deploy.0 = Release|x86
		{D7AF8B19-CBFD-42D8-BE8E-B487C1D02957}.Ad-Hoc|Any CPU.ActiveCfg = Release|x86
		{D7AF8B19-CBFD-42D8-BE8E-B487C1D02957}.Ad-Hoc|Any CPU.Build.0 = Release|x86
		{D7AF8B19-CBFD-42D8-BE8E-B487C1D02957}.Ad-Hoc|Any CPU.Deploy.0 = Release|x86
		{D7AF8B19-CBFD-42D8-BE8E-B487C1D02957}.Ad-Hoc|ARM.ActiveCfg = Release|ARM
		{D7AF8B19-CBFD-42D8-BE8E-B487C1D02957}.Ad-Hoc|ARM.Build.0 = Release|ARM
		{D7AF8B19-CBFD-42D8-BE8E-B487C1D02957}.Ad-Hoc|ARM.Deploy.0 = Release|ARM
		{D7AF8B19-CBFD-42D8-BE8E-B487C1D02957}.Ad-Hoc|iPhone.ActiveCfg = Release|x86
		{D7AF8B19-CBFD-42D8-BE8E-B487C1D02957}.Ad-Hoc|iPhone.Build.0 = Release|x86
		{D7AF8B19-CBFD-42D8-BE8E-B487C1D02957}.Ad-Hoc|iPhone.Deploy.0 = Release|x86
		{D7AF8B19-CBFD-42D8-BE8E-B487C1D02957}.Ad-Hoc|iPhoneSimulator.ActiveCfg = Release|x86
		{D7AF8B19-CBFD-42D8-BE8E-B487C1D02957}.Ad-Hoc|iPhoneSimulator.Build.0 = Release|x86
		{D7AF8B19-CBFD-42D8-BE8E-B487C1D02957}.Ad-Hoc|iPhoneSimulator.Deploy.0 = Release|x86
		{D7AF8B19-CBFD-42D8-BE8E-B487C1D02957}.Ad-Hoc|x64.ActiveCfg = Release|x64
		{D7AF8B19-CBFD-42D8-BE8E-B487C1D02957}.Ad-Hoc|x64.Build.0 = Release|x64
		{D7AF8B19-CBFD-42D8-BE8E-B487C1D02957}.Ad-Hoc|x64.Deploy.0 = Release|x64
		{D7AF8B19-CBFD-42D8-BE8E-B487C1D02957}.Ad-Hoc|x86.ActiveCfg = Release|x86
		{D7AF8B19-CBFD-42D8-BE8E-B487C1D02957}.Ad-Hoc|x86.Build.0 = Release|x86
		{D7AF8B19-CBFD-42D8-BE8E-B487C1D02957}.Ad-Hoc|x86.Deploy.0 = Release|x86
		{D7AF8B19-CBFD-42D8-BE8E-B487C1D02957}.AppStore|Any CPU.ActiveCfg = Release|x86
		{D7AF8B19-CBFD-42D8-BE8E-B487C1D02957}.AppStore|Any CPU.Build.0 = Release|x86
		{D7AF8B19-CBFD-42D8-BE8E-B487C1D02957}.AppStore|Any CPU.Deploy.0 = Release|x86
		{D7AF8B19-CBFD-42D8-BE8E-B487C1D02957}.AppStore|ARM.ActiveCfg = Release|ARM
		{D7AF8B19-CBFD-42D8-BE8E-B487C1D02957}.AppStore|ARM.Build.0 = Release|ARM
		{D7AF8B19-CBFD-42D8-BE8E-B487C1D02957}.AppStore|ARM.Deploy.0 = Release|ARM
		{D7AF8B19-CBFD-42D8-BE8E-B487C1D02957}.AppStore|iPhone.ActiveCfg = Release|x86
		{D7AF8B19-CBFD-42D8-BE8E-B487C1D02957}.AppStore|iPhone.Build.0 = Release|x86
		{D7AF8B19-CBFD-42D8-BE8E-B487C1D02957}.AppStore|iPhone.Deploy.0 = Release|x86
		{D7AF8B19-CBFD-42D8-BE8E-B487C1D02957}.AppStore|iPhoneSimulator.ActiveCfg = Release|x86
		{D7AF8B19-CBFD-42D8-BE8E-B487C1D02957}.AppStore|iPhoneSimulator.Build.0 = Release|x86
		{D7AF8B19-CBFD-42D8-BE8E-B487C1D02957}.AppStore|iPhoneSimulator.Deploy.0 = Release|x86
		{D7AF8B19-CBFD-42D8-BE8E-B487C1D02957}.AppStore|x64.ActiveCfg = Release|x64
		{D7AF8B19-CBFD-42D8-BE8E-B487C1D02957}.AppStore|x64.Build.0 = Release|x64
		{D7AF8B19-CBFD-42D8-BE8E-B487C1D02957}.AppStore|x64.Deploy.0 = Release|x64
		{D7AF8B19-CBFD-42D8-BE8E-B487C1D02957}.AppStore|x86.ActiveCfg = Release|x86
		{D7AF8B19-CBFD-42D8-BE8E-B487C1D02957}.AppStore|x86.Build.0 = Release|x86
		{D7AF8B19-CBFD-42D8-BE8E-B487C1D02957}.AppStore|x86.Deploy.0 = Release|x86
		{D7AF8B19-CBFD-42D8-BE8E-B487C1D02957}.Debug|Any CPU.ActiveCfg = Debug|x86
		{D7AF8B19-CBFD-42D8-BE8E-B487C1D02957}.Debug|ARM.ActiveCfg = Debug|ARM
		{D7AF8B19-CBFD-42D8-BE8E-B487C1D02957}.Debug|ARM.Build.0 = Debug|ARM
		{D7AF8B19-CBFD-42D8-BE8E-B487C1D02957}.Debug|ARM.Deploy.0 = Debug|ARM
		{D7AF8B19-CBFD-42D8-BE8E-B487C1D02957}.Debug|iPhone.ActiveCfg = Debug|x86
		{D7AF8B19-CBFD-42D8-BE8E-B487C1D02957}.Debug|iPhoneSimulator.ActiveCfg = Debug|x86
		{D7AF8B19-CBFD-42D8-BE8E-B487C1D02957}.Debug|x64.ActiveCfg = Debug|x64
		{D7AF8B19-CBFD-42D8-BE8E-B487C1D02957}.Debug|x64.Build.0 = Debug|x64
		{D7AF8B19-CBFD-42D8-BE8E-B487C1D02957}.Debug|x64.Deploy.0 = Debug|x64
		{D7AF8B19-CBFD-42D8-BE8E-B487C1D02957}.Debug|x86.ActiveCfg = Debug|x86
		{D7AF8B19-CBFD-42D8-BE8E-B487C1D02957}.Debug|x86.Build.0 = Debug|x86
		{D7AF8B19-CBFD-42D8-BE8E-B487C1D02957}.Debug|x86.Deploy.0 = Debug|x86
		{D7AF8B19-CBFD-42D8-BE8E-B487C1D02957}.Release|Any CPU.ActiveCfg = Release|x86
		{D7AF8B19-CBFD-42D8-BE8E-B487C1D02957}.Release|ARM.ActiveCfg = Release|ARM
		{D7AF8B19-CBFD-42D8-BE8E-B487C1D02957}.Release|ARM.Build.0 = Release|ARM
		{D7AF8B19-CBFD-42D8-BE8E-B487C1D02957}.Release|ARM.Deploy.0 = Release|ARM
		{D7AF8B19-CBFD-42D8-BE8E-B487C1D02957}.Release|iPhone.ActiveCfg = Release|x86
		{D7AF8B19-CBFD-42D8-BE8E-B487C1D02957}.Release|iPhoneSimulator.ActiveCfg = Release|x86
		{D7AF8B19-CBFD-42D8-BE8E-B487C1D02957}.Release|x64.ActiveCfg = Release|x64
		{D7AF8B19-CBFD-42D8-BE8E-B487C1D02957}.Release|x64.Build.0 = Release|x64
		{D7AF8B19-CBFD-42D8-BE8E-B487C1D02957}.Release|x64.Deploy.0 = Release|x64
		{D7AF8B19-CBFD-42D8-BE8E-B487C1D02957}.Release|x86.ActiveCfg = Release|x86
		{D7AF8B19-CBFD-42D8-BE8E-B487C1D02957}.Release|x86.Build.0 = Release|x86
		{D7AF8B19-CBFD-42D8-BE8E-B487C1D02957}.Release|x86.Deploy.0 = Release|x86
		{54E6A5E6-EE83-4166-8DF4-2FC1DCFDDB25}.Ad-Hoc|Any CPU.ActiveCfg = Release|Any CPU
		{54E6A5E6-EE83-4166-8DF4-2FC1DCFDDB25}.Ad-Hoc|Any CPU.Build.0 = Release|Any CPU
		{54E6A5E6-EE83-4166-8DF4-2FC1DCFDDB25}.Ad-Hoc|Any CPU.Deploy.0 = Release|Any CPU
		{54E6A5E6-EE83-4166-8DF4-2FC1DCFDDB25}.Ad-Hoc|ARM.ActiveCfg = Release|ARM
		{54E6A5E6-EE83-4166-8DF4-2FC1DCFDDB25}.Ad-Hoc|ARM.Build.0 = Release|ARM
		{54E6A5E6-EE83-4166-8DF4-2FC1DCFDDB25}.Ad-Hoc|ARM.Deploy.0 = Release|ARM
		{54E6A5E6-EE83-4166-8DF4-2FC1DCFDDB25}.Ad-Hoc|iPhone.ActiveCfg = Release|Any CPU
		{54E6A5E6-EE83-4166-8DF4-2FC1DCFDDB25}.Ad-Hoc|iPhone.Build.0 = Release|Any CPU
		{54E6A5E6-EE83-4166-8DF4-2FC1DCFDDB25}.Ad-Hoc|iPhone.Deploy.0 = Release|Any CPU
		{54E6A5E6-EE83-4166-8DF4-2FC1DCFDDB25}.Ad-Hoc|iPhoneSimulator.ActiveCfg = Release|Any CPU
		{54E6A5E6-EE83-4166-8DF4-2FC1DCFDDB25}.Ad-Hoc|iPhoneSimulator.Build.0 = Release|Any CPU
		{54E6A5E6-EE83-4166-8DF4-2FC1DCFDDB25}.Ad-Hoc|iPhoneSimulator.Deploy.0 = Release|Any CPU
		{54E6A5E6-EE83-4166-8DF4-2FC1DCFDDB25}.Ad-Hoc|x64.ActiveCfg = Release|x64
		{54E6A5E6-EE83-4166-8DF4-2FC1DCFDDB25}.Ad-Hoc|x64.Build.0 = Release|x64
		{54E6A5E6-EE83-4166-8DF4-2FC1DCFDDB25}.Ad-Hoc|x64.Deploy.0 = Release|x64
		{54E6A5E6-EE83-4166-8DF4-2FC1DCFDDB25}.Ad-Hoc|x86.ActiveCfg = Release|x86
		{54E6A5E6-EE83-4166-8DF4-2FC1DCFDDB25}.Ad-Hoc|x86.Build.0 = Release|x86
		{54E6A5E6-EE83-4166-8DF4-2FC1DCFDDB25}.Ad-Hoc|x86.Deploy.0 = Release|x86
		{54E6A5E6-EE83-4166-8DF4-2FC1DCFDDB25}.AppStore|Any CPU.ActiveCfg = Release|Any CPU
		{54E6A5E6-EE83-4166-8DF4-2FC1DCFDDB25}.AppStore|Any CPU.Build.0 = Release|Any CPU
		{54E6A5E6-EE83-4166-8DF4-2FC1DCFDDB25}.AppStore|Any CPU.Deploy.0 = Release|Any CPU
		{54E6A5E6-EE83-4166-8DF4-2FC1DCFDDB25}.AppStore|ARM.ActiveCfg = Release|ARM
		{54E6A5E6-EE83-4166-8DF4-2FC1DCFDDB25}.AppStore|ARM.Build.0 = Release|ARM
		{54E6A5E6-EE83-4166-8DF4-2FC1DCFDDB25}.AppStore|ARM.Deploy.0 = Release|ARM
		{54E6A5E6-EE83-4166-8DF4-2FC1DCFDDB25}.AppStore|iPhone.ActiveCfg = Release|Any CPU
		{54E6A5E6-EE83-4166-8DF4-2FC1DCFDDB25}.AppStore|iPhone.Build.0 = Release|Any CPU
		{54E6A5E6-EE83-4166-8DF4-2FC1DCFDDB25}.AppStore|iPhone.Deploy.0 = Release|Any CPU
		{54E6A5E6-EE83-4166-8DF4-2FC1DCFDDB25}.AppStore|iPhoneSimulator.ActiveCfg = Release|Any CPU
		{54E6A5E6-EE83-4166-8DF4-2FC1DCFDDB25}.AppStore|iPhoneSimulator.Build.0 = Release|Any CPU
		{54E6A5E6-EE83-4166-8DF4-2FC1DCFDDB25}.AppStore|iPhoneSimulator.Deploy.0 = Release|Any CPU
		{54E6A5E6-EE83-4166-8DF4-2FC1DCFDDB25}.AppStore|x64.ActiveCfg = Release|x64
		{54E6A5E6-EE83-4166-8DF4-2FC1DCFDDB25}.AppStore|x64.Build.0 = Release|x64
		{54E6A5E6-EE83-4166-8DF4-2FC1DCFDDB25}.AppStore|x64.Deploy.0 = Release|x64
		{54E6A5E6-EE83-4166-8DF4-2FC1DCFDDB25}.AppStore|x86.ActiveCfg = Release|x86
		{54E6A5E6-EE83-4166-8DF4-2FC1DCFDDB25}.AppStore|x86.Build.0 = Release|x86
		{54E6A5E6-EE83-4166-8DF4-2FC1DCFDDB25}.AppStore|x86.Deploy.0 = Release|x86
		{54E6A5E6-EE83-4166-8DF4-2FC1DCFDDB25}.Debug|Any CPU.ActiveCfg = Debug|Any CPU
		{54E6A5E6-EE83-4166-8DF4-2FC1DCFDDB25}.Debug|Any CPU.Build.0 = Debug|Any CPU
		{54E6A5E6-EE83-4166-8DF4-2FC1DCFDDB25}.Debug|Any CPU.Deploy.0 = Debug|Any CPU
		{54E6A5E6-EE83-4166-8DF4-2FC1DCFDDB25}.Debug|ARM.ActiveCfg = Debug|ARM
		{54E6A5E6-EE83-4166-8DF4-2FC1DCFDDB25}.Debug|ARM.Build.0 = Debug|ARM
		{54E6A5E6-EE83-4166-8DF4-2FC1DCFDDB25}.Debug|ARM.Deploy.0 = Debug|ARM
		{54E6A5E6-EE83-4166-8DF4-2FC1DCFDDB25}.Debug|iPhone.ActiveCfg = Debug|Any CPU
		{54E6A5E6-EE83-4166-8DF4-2FC1DCFDDB25}.Debug|iPhone.Build.0 = Debug|Any CPU
		{54E6A5E6-EE83-4166-8DF4-2FC1DCFDDB25}.Debug|iPhone.Deploy.0 = Debug|Any CPU
		{54E6A5E6-EE83-4166-8DF4-2FC1DCFDDB25}.Debug|iPhoneSimulator.ActiveCfg = Debug|Any CPU
		{54E6A5E6-EE83-4166-8DF4-2FC1DCFDDB25}.Debug|iPhoneSimulator.Build.0 = Debug|Any CPU
		{54E6A5E6-EE83-4166-8DF4-2FC1DCFDDB25}.Debug|iPhoneSimulator.Deploy.0 = Debug|Any CPU
		{54E6A5E6-EE83-4166-8DF4-2FC1DCFDDB25}.Debug|x64.ActiveCfg = Debug|x64
		{54E6A5E6-EE83-4166-8DF4-2FC1DCFDDB25}.Debug|x64.Build.0 = Debug|x64
		{54E6A5E6-EE83-4166-8DF4-2FC1DCFDDB25}.Debug|x64.Deploy.0 = Debug|x64
		{54E6A5E6-EE83-4166-8DF4-2FC1DCFDDB25}.Debug|x86.ActiveCfg = Debug|x86
		{54E6A5E6-EE83-4166-8DF4-2FC1DCFDDB25}.Debug|x86.Build.0 = Debug|x86
		{54E6A5E6-EE83-4166-8DF4-2FC1DCFDDB25}.Debug|x86.Deploy.0 = Debug|x86
		{54E6A5E6-EE83-4166-8DF4-2FC1DCFDDB25}.Release|Any CPU.ActiveCfg = Release|Any CPU
		{54E6A5E6-EE83-4166-8DF4-2FC1DCFDDB25}.Release|Any CPU.Build.0 = Release|Any CPU
		{54E6A5E6-EE83-4166-8DF4-2FC1DCFDDB25}.Release|Any CPU.Deploy.0 = Release|Any CPU
		{54E6A5E6-EE83-4166-8DF4-2FC1DCFDDB25}.Release|ARM.ActiveCfg = Release|ARM
		{54E6A5E6-EE83-4166-8DF4-2FC1DCFDDB25}.Release|ARM.Build.0 = Release|ARM
		{54E6A5E6-EE83-4166-8DF4-2FC1DCFDDB25}.Release|ARM.Deploy.0 = Release|ARM
		{54E6A5E6-EE83-4166-8DF4-2FC1DCFDDB25}.Release|iPhone.ActiveCfg = Release|Any CPU
		{54E6A5E6-EE83-4166-8DF4-2FC1DCFDDB25}.Release|iPhone.Build.0 = Release|Any CPU
		{54E6A5E6-EE83-4166-8DF4-2FC1DCFDDB25}.Release|iPhone.Deploy.0 = Release|Any CPU
		{54E6A5E6-EE83-4166-8DF4-2FC1DCFDDB25}.Release|iPhoneSimulator.ActiveCfg = Release|Any CPU
		{54E6A5E6-EE83-4166-8DF4-2FC1DCFDDB25}.Release|iPhoneSimulator.Build.0 = Release|Any CPU
		{54E6A5E6-EE83-4166-8DF4-2FC1DCFDDB25}.Release|iPhoneSimulator.Deploy.0 = Release|Any CPU
		{54E6A5E6-EE83-4166-8DF4-2FC1DCFDDB25}.Release|x64.ActiveCfg = Release|x64
		{54E6A5E6-EE83-4166-8DF4-2FC1DCFDDB25}.Release|x64.Build.0 = Release|x64
		{54E6A5E6-EE83-4166-8DF4-2FC1DCFDDB25}.Release|x64.Deploy.0 = Release|x64
		{54E6A5E6-EE83-4166-8DF4-2FC1DCFDDB25}.Release|x86.ActiveCfg = Release|x86
		{54E6A5E6-EE83-4166-8DF4-2FC1DCFDDB25}.Release|x86.Build.0 = Release|x86
		{54E6A5E6-EE83-4166-8DF4-2FC1DCFDDB25}.Release|x86.Deploy.0 = Release|x86
		{085EEB6A-801E-4BCE-8F2C-5711FB186E3D}.Ad-Hoc|Any CPU.ActiveCfg = Release|Any CPU
		{085EEB6A-801E-4BCE-8F2C-5711FB186E3D}.Ad-Hoc|Any CPU.Build.0 = Release|Any CPU
		{085EEB6A-801E-4BCE-8F2C-5711FB186E3D}.Ad-Hoc|ARM.ActiveCfg = Release|Any CPU
		{085EEB6A-801E-4BCE-8F2C-5711FB186E3D}.Ad-Hoc|ARM.Build.0 = Release|Any CPU
		{085EEB6A-801E-4BCE-8F2C-5711FB186E3D}.Ad-Hoc|iPhone.ActiveCfg = Release|Any CPU
		{085EEB6A-801E-4BCE-8F2C-5711FB186E3D}.Ad-Hoc|iPhone.Build.0 = Release|Any CPU
		{085EEB6A-801E-4BCE-8F2C-5711FB186E3D}.Ad-Hoc|iPhoneSimulator.ActiveCfg = Release|Any CPU
		{085EEB6A-801E-4BCE-8F2C-5711FB186E3D}.Ad-Hoc|iPhoneSimulator.Build.0 = Release|Any CPU
		{085EEB6A-801E-4BCE-8F2C-5711FB186E3D}.Ad-Hoc|x64.ActiveCfg = Release|Any CPU
		{085EEB6A-801E-4BCE-8F2C-5711FB186E3D}.Ad-Hoc|x64.Build.0 = Release|Any CPU
		{085EEB6A-801E-4BCE-8F2C-5711FB186E3D}.Ad-Hoc|x86.ActiveCfg = Release|Any CPU
		{085EEB6A-801E-4BCE-8F2C-5711FB186E3D}.Ad-Hoc|x86.Build.0 = Release|Any CPU
		{085EEB6A-801E-4BCE-8F2C-5711FB186E3D}.AppStore|Any CPU.ActiveCfg = Release|Any CPU
		{085EEB6A-801E-4BCE-8F2C-5711FB186E3D}.AppStore|Any CPU.Build.0 = Release|Any CPU
		{085EEB6A-801E-4BCE-8F2C-5711FB186E3D}.AppStore|ARM.ActiveCfg = Release|Any CPU
		{085EEB6A-801E-4BCE-8F2C-5711FB186E3D}.AppStore|ARM.Build.0 = Release|Any CPU
		{085EEB6A-801E-4BCE-8F2C-5711FB186E3D}.AppStore|iPhone.ActiveCfg = Release|Any CPU
		{085EEB6A-801E-4BCE-8F2C-5711FB186E3D}.AppStore|iPhone.Build.0 = Release|Any CPU
		{085EEB6A-801E-4BCE-8F2C-5711FB186E3D}.AppStore|iPhoneSimulator.ActiveCfg = Release|Any CPU
		{085EEB6A-801E-4BCE-8F2C-5711FB186E3D}.AppStore|iPhoneSimulator.Build.0 = Release|Any CPU
		{085EEB6A-801E-4BCE-8F2C-5711FB186E3D}.AppStore|x64.ActiveCfg = Release|Any CPU
		{085EEB6A-801E-4BCE-8F2C-5711FB186E3D}.AppStore|x64.Build.0 = Release|Any CPU
		{085EEB6A-801E-4BCE-8F2C-5711FB186E3D}.AppStore|x86.ActiveCfg = Release|Any CPU
		{085EEB6A-801E-4BCE-8F2C-5711FB186E3D}.AppStore|x86.Build.0 = Release|Any CPU
		{085EEB6A-801E-4BCE-8F2C-5711FB186E3D}.Debug|Any CPU.ActiveCfg = Debug|Any CPU
		{085EEB6A-801E-4BCE-8F2C-5711FB186E3D}.Debug|Any CPU.Build.0 = Debug|Any CPU
		{085EEB6A-801E-4BCE-8F2C-5711FB186E3D}.Debug|ARM.ActiveCfg = Debug|Any CPU
		{085EEB6A-801E-4BCE-8F2C-5711FB186E3D}.Debug|ARM.Build.0 = Debug|Any CPU
		{085EEB6A-801E-4BCE-8F2C-5711FB186E3D}.Debug|iPhone.ActiveCfg = Debug|Any CPU
		{085EEB6A-801E-4BCE-8F2C-5711FB186E3D}.Debug|iPhone.Build.0 = Debug|Any CPU
		{085EEB6A-801E-4BCE-8F2C-5711FB186E3D}.Debug|iPhoneSimulator.ActiveCfg = Debug|Any CPU
		{085EEB6A-801E-4BCE-8F2C-5711FB186E3D}.Debug|iPhoneSimulator.Build.0 = Debug|Any CPU
		{085EEB6A-801E-4BCE-8F2C-5711FB186E3D}.Debug|x64.ActiveCfg = Debug|Any CPU
		{085EEB6A-801E-4BCE-8F2C-5711FB186E3D}.Debug|x64.Build.0 = Debug|Any CPU
		{085EEB6A-801E-4BCE-8F2C-5711FB186E3D}.Debug|x86.ActiveCfg = Debug|Any CPU
		{085EEB6A-801E-4BCE-8F2C-5711FB186E3D}.Debug|x86.Build.0 = Debug|Any CPU
		{085EEB6A-801E-4BCE-8F2C-5711FB186E3D}.Release|Any CPU.ActiveCfg = Release|Any CPU
		{085EEB6A-801E-4BCE-8F2C-5711FB186E3D}.Release|Any CPU.Build.0 = Release|Any CPU
		{085EEB6A-801E-4BCE-8F2C-5711FB186E3D}.Release|ARM.ActiveCfg = Release|Any CPU
		{085EEB6A-801E-4BCE-8F2C-5711FB186E3D}.Release|ARM.Build.0 = Release|Any CPU
		{085EEB6A-801E-4BCE-8F2C-5711FB186E3D}.Release|iPhone.ActiveCfg = Release|Any CPU
		{085EEB6A-801E-4BCE-8F2C-5711FB186E3D}.Release|iPhone.Build.0 = Release|Any CPU
		{085EEB6A-801E-4BCE-8F2C-5711FB186E3D}.Release|iPhoneSimulator.ActiveCfg = Release|Any CPU
		{085EEB6A-801E-4BCE-8F2C-5711FB186E3D}.Release|iPhoneSimulator.Build.0 = Release|Any CPU
		{085EEB6A-801E-4BCE-8F2C-5711FB186E3D}.Release|x64.ActiveCfg = Release|Any CPU
		{085EEB6A-801E-4BCE-8F2C-5711FB186E3D}.Release|x64.Build.0 = Release|Any CPU
		{085EEB6A-801E-4BCE-8F2C-5711FB186E3D}.Release|x86.ActiveCfg = Release|Any CPU
		{085EEB6A-801E-4BCE-8F2C-5711FB186E3D}.Release|x86.Build.0 = Release|Any CPU
	EndGlobalSection
	GlobalSection(SolutionProperties) = preSolution
		HideSolutionNode = FALSE
	EndGlobalSection
EndGlobal
